// !$*UTF8*$!
{
	archiveVersion = 1;
	classes = {
	};
	objectVersion = 46;
	objects = {

/* Begin PBXBuildFile section */
		692200151B5ABFA1009B2B8A /* BlogsDetailViewController.m in Sources */ = {isa = PBXBuildFile; fileRef = 692200141B5ABFA1009B2B8A /* BlogsDetailViewController.m */; };
		692200181B5ABFB1009B2B8A /* EventsDetailViewController.m in Sources */ = {isa = PBXBuildFile; fileRef = 692200171B5ABFB1009B2B8A /* EventsDetailViewController.m */; };
		6922001B1B5ABFC8009B2B8A /* PlacesDetailViewController.m in Sources */ = {isa = PBXBuildFile; fileRef = 6922001A1B5ABFC8009B2B8A /* PlacesDetailViewController.m */; };
		692208651B4B27400045C279 /* PlacesCell.m in Sources */ = {isa = PBXBuildFile; fileRef = 692208641B4B27400045C279 /* PlacesCell.m */; };
		692208681B4B3C0C0045C279 /* EventsCell.m in Sources */ = {isa = PBXBuildFile; fileRef = 692208671B4B3C0C0045C279 /* EventsCell.m */; };
		6922086B1B4B3C220045C279 /* BlogCell.m in Sources */ = {isa = PBXBuildFile; fileRef = 6922086A1B4B3C220045C279 /* BlogCell.m */; };
		6922086E1B4B3C300045C279 /* ArticleCell.m in Sources */ = {isa = PBXBuildFile; fileRef = 6922086D1B4B3C300045C279 /* ArticleCell.m */; };
		69D32E2E1BA7D8A1000CBFC3 /* RestrictionsTableViewController.m in Sources */ = {isa = PBXBuildFile; fileRef = 69D32E2D1BA7D8A1000CBFC3 /* RestrictionsTableViewController.m */; };
		69E43DB01B6565390003C244 /* ArticleFactory.m in Sources */ = {isa = PBXBuildFile; fileRef = 69E43DAF1B6565390003C244 /* ArticleFactory.m */; };
		77E3FFED587D2B94B2B73130 /* libPods.a in Frameworks */ = {isa = PBXBuildFile; fileRef = D2F91D294DF9F5DAC8DA3998 /* libPods.a */; };
		A9CE473D1B7A686C003E852D /* Images.xcassets in Resources */ = {isa = PBXBuildFile; fileRef = A9CE473C1B7A686C003E852D /* Images.xcassets */; };
		B6379F311B1A60A2005C0ADA /* DataFetcher.m in Sources */ = {isa = PBXBuildFile; fileRef = B6379F301B1A60A2005C0ADA /* DataFetcher.m */; };
		B6379F3E1B1D5A17005C0ADA /* ArticleDataModel.m in Sources */ = {isa = PBXBuildFile; fileRef = B6379F3D1B1D5A17005C0ADA /* ArticleDataModel.m */; };
		B6379F411B1D5A2D005C0ADA /* BlogDataModel.m in Sources */ = {isa = PBXBuildFile; fileRef = B6379F401B1D5A2D005C0ADA /* BlogDataModel.m */; };
		B6379F441B1D5A41005C0ADA /* EventDataModel.m in Sources */ = {isa = PBXBuildFile; fileRef = B6379F431B1D5A41005C0ADA /* EventDataModel.m */; };
		B6379F471B1D5A57005C0ADA /* PlacesDataModel.m in Sources */ = {isa = PBXBuildFile; fileRef = B6379F461B1D5A57005C0ADA /* PlacesDataModel.m */; };
		B6379F4A1B1D5A68005C0ADA /* VideoDataModel.m in Sources */ = {isa = PBXBuildFile; fileRef = B6379F491B1D5A68005C0ADA /* VideoDataModel.m */; };
		B6589A5C1B33A57B00B3754F /* TCWalkthroughViewController.m in Sources */ = {isa = PBXBuildFile; fileRef = B6589A5B1B33A57B00B3754F /* TCWalkthroughViewController.m */; };
		B6589A601B33B45800B3754F /* SystemStatics.m in Sources */ = {isa = PBXBuildFile; fileRef = B6589A5F1B33B45800B3754F /* SystemStatics.m */; };
		B67759871B36055A00A253F7 /* SettingsViewController.m in Sources */ = {isa = PBXBuildFile; fileRef = B67759861B36055A00A253F7 /* SettingsViewController.m */; };
		B6A638501B350AF9005C3D7A /* SignOnViewController.m in Sources */ = {isa = PBXBuildFile; fileRef = B6A6384F1B350AF9005C3D7A /* SignOnViewController.m */; };
		B6CFCF2F1B35059A004BCF74 /* SourceSansPro-ExtraLight.ttf in Resources */ = {isa = PBXBuildFile; fileRef = B6CFCF2B1B35059A004BCF74 /* SourceSansPro-ExtraLight.ttf */; };
		B6CFCF301B35059A004BCF74 /* SourceSansPro-Light.ttf in Resources */ = {isa = PBXBuildFile; fileRef = B6CFCF2C1B35059A004BCF74 /* SourceSansPro-Light.ttf */; };
		B6CFCF311B35059A004BCF74 /* SourceSansPro-Regular.ttf in Resources */ = {isa = PBXBuildFile; fileRef = B6CFCF2D1B35059A004BCF74 /* SourceSansPro-Regular.ttf */; };
		B6CFCF321B35059A004BCF74 /* SourceSansPro-Semibold.ttf in Resources */ = {isa = PBXBuildFile; fileRef = B6CFCF2E1B35059A004BCF74 /* SourceSansPro-Semibold.ttf */; };
		CA5E2E331B3206FC004A9AE0 /* ArticleSectionViewController.m in Sources */ = {isa = PBXBuildFile; fileRef = CA5E2E321B3206FC004A9AE0 /* ArticleSectionViewController.m */; };
		CA5E2E361B3207A2004A9AE0 /* BlogSectionViewController.m in Sources */ = {isa = PBXBuildFile; fileRef = CA5E2E351B3207A2004A9AE0 /* BlogSectionViewController.m */; };
		CA5E2E391B320868004A9AE0 /* VideoSectionViewController.m in Sources */ = {isa = PBXBuildFile; fileRef = CA5E2E381B320868004A9AE0 /* VideoSectionViewController.m */; };
		CA5E2E401B320995004A9AE0 /* EventsSectionViewController.m in Sources */ = {isa = PBXBuildFile; fileRef = CA5E2E3F1B320995004A9AE0 /* EventsSectionViewController.m */; };
		CA5E2E431B3209D3004A9AE0 /* PlacesSectionViewController.m in Sources */ = {isa = PBXBuildFile; fileRef = CA5E2E421B3209D3004A9AE0 /* PlacesSectionViewController.m */; };
		CA6335201AFAAB29009DC83A /* config.plist in Resources */ = {isa = PBXBuildFile; fileRef = CA63351F1AFAAB29009DC83A /* config.plist */; };
		CA6335231AFAAC9D009DC83A /* ConfigManager.m in Sources */ = {isa = PBXBuildFile; fileRef = CA6335221AFAAC9D009DC83A /* ConfigManager.m */; };
		CAD5854A1AF26A5100F77ED7 /* main.m in Sources */ = {isa = PBXBuildFile; fileRef = CAD585491AF26A5100F77ED7 /* main.m */; };
		CAD585501AF26A5100F77ED7 /* projectMustang_ios.xcdatamodeld in Sources */ = {isa = PBXBuildFile; fileRef = CAD5854E1AF26A5100F77ED7 /* projectMustang_ios.xcdatamodeld */; };
		CAD585561AF26A5100F77ED7 /* Main.storyboard in Resources */ = {isa = PBXBuildFile; fileRef = CAD585541AF26A5100F77ED7 /* Main.storyboard */; };
		CAD5855B1AF26A5100F77ED7 /* LaunchScreen.xib in Resources */ = {isa = PBXBuildFile; fileRef = CAD585591AF26A5100F77ED7 /* LaunchScreen.xib */; };
		CAD585671AF26A5100F77ED7 /* projectMustang_iosTests.m in Sources */ = {isa = PBXBuildFile; fileRef = CAD585661AF26A5100F77ED7 /* projectMustang_iosTests.m */; };
		CAD5857A1AF26C7400F77ED7 /* AppDelegate.m in Sources */ = {isa = PBXBuildFile; fileRef = CAD585751AF26C7400F77ED7 /* AppDelegate.m */; };
		CAD5857B1AF26C7400F77ED7 /* MainViewController.m in Sources */ = {isa = PBXBuildFile; fileRef = CAD585781AF26C7400F77ED7 /* MainViewController.m */; };
		CAD585801AF26F9400F77ED7 /* NavigationManager.m in Sources */ = {isa = PBXBuildFile; fileRef = CAD5857F1AF26F9400F77ED7 /* NavigationManager.m */; };
		CAD585841AF2715900F77ED7 /* MainMenuViewController.m in Sources */ = {isa = PBXBuildFile; fileRef = CAD585831AF2715900F77ED7 /* MainMenuViewController.m */; };
		CAD585931AF2AC6A00F77ED7 /* BaseViewController.m in Sources */ = {isa = PBXBuildFile; fileRef = CAD585921AF2AC6A00F77ED7 /* BaseViewController.m */; };
		EB523F091B890F3E00F3C727 /* ArticlesDetailViewController.m in Sources */ = {isa = PBXBuildFile; fileRef = EB523F081B890F3E00F3C727 /* ArticlesDetailViewController.m */; };
		EB523F161B8D5ECD00F3C727 /* DataFetcherStatics.m in Sources */ = {isa = PBXBuildFile; fileRef = EB523F151B8D5ECD00F3C727 /* DataFetcherStatics.m */; };
		EB58E7331B993A580010CDE9 /* BlogFactory.m in Sources */ = {isa = PBXBuildFile; fileRef = EB58E7321B993A580010CDE9 /* BlogFactory.m */; };
		EB58E7361B993A780010CDE9 /* EventsFactory.m in Sources */ = {isa = PBXBuildFile; fileRef = EB58E7351B993A780010CDE9 /* EventsFactory.m */; };
		EB58E7391B993A870010CDE9 /* PlacesFactory.m in Sources */ = {isa = PBXBuildFile; fileRef = EB58E7381B993A870010CDE9 /* PlacesFactory.m */; };
		EB58E73C1B993A930010CDE9 /* VideoFactory.m in Sources */ = {isa = PBXBuildFile; fileRef = EB58E73B1B993A930010CDE9 /* VideoFactory.m */; };
/* End PBXBuildFile section */

/* Begin PBXContainerItemProxy section */
		CAD585611AF26A5100F77ED7 /* PBXContainerItemProxy */ = {
			isa = PBXContainerItemProxy;
			containerPortal = CAD5853C1AF26A5100F77ED7 /* Project object */;
			proxyType = 1;
			remoteGlobalIDString = CAD585431AF26A5100F77ED7;
			remoteInfo = "projectMustang-ios";
		};
/* End PBXContainerItemProxy section */

/* Begin PBXFileReference section */
		1075B1093CE1BFBDF7FD3D0F /* Pods.release.xcconfig */ = {isa = PBXFileReference; includeInIndex = 1; lastKnownFileType = text.xcconfig; name = Pods.release.xcconfig; path = "Pods/Target Support Files/Pods/Pods.release.xcconfig"; sourceTree = "<group>"; };
		692200101B5ABF79009B2B8A /* ArticlesDetailViewController.h */ = {isa = PBXFileReference; fileEncoding = 4; lastKnownFileType = sourcecode.c.h; path = ArticlesDetailViewController.h; sourceTree = "<group>"; };
		692200131B5ABFA1009B2B8A /* BlogsDetailViewController.h */ = {isa = PBXFileReference; fileEncoding = 4; lastKnownFileType = sourcecode.c.h; path = BlogsDetailViewController.h; sourceTree = "<group>"; };
		692200141B5ABFA1009B2B8A /* BlogsDetailViewController.m */ = {isa = PBXFileReference; fileEncoding = 4; lastKnownFileType = sourcecode.c.objc; path = BlogsDetailViewController.m; sourceTree = "<group>"; };
		692200161B5ABFB1009B2B8A /* EventsDetailViewController.h */ = {isa = PBXFileReference; fileEncoding = 4; lastKnownFileType = sourcecode.c.h; path = EventsDetailViewController.h; sourceTree = "<group>"; };
		692200171B5ABFB1009B2B8A /* EventsDetailViewController.m */ = {isa = PBXFileReference; fileEncoding = 4; lastKnownFileType = sourcecode.c.objc; path = EventsDetailViewController.m; sourceTree = "<group>"; };
		692200191B5ABFC8009B2B8A /* PlacesDetailViewController.h */ = {isa = PBXFileReference; fileEncoding = 4; lastKnownFileType = sourcecode.c.h; path = PlacesDetailViewController.h; sourceTree = "<group>"; };
		6922001A1B5ABFC8009B2B8A /* PlacesDetailViewController.m */ = {isa = PBXFileReference; fileEncoding = 4; lastKnownFileType = sourcecode.c.objc; path = PlacesDetailViewController.m; sourceTree = "<group>"; };
		692208631B4B27400045C279 /* PlacesCell.h */ = {isa = PBXFileReference; fileEncoding = 4; lastKnownFileType = sourcecode.c.h; path = PlacesCell.h; sourceTree = "<group>"; };
		692208641B4B27400045C279 /* PlacesCell.m */ = {isa = PBXFileReference; fileEncoding = 4; lastKnownFileType = sourcecode.c.objc; path = PlacesCell.m; sourceTree = "<group>"; };
		692208661B4B3C0C0045C279 /* EventsCell.h */ = {isa = PBXFileReference; fileEncoding = 4; lastKnownFileType = sourcecode.c.h; path = EventsCell.h; sourceTree = "<group>"; };
		692208671B4B3C0C0045C279 /* EventsCell.m */ = {isa = PBXFileReference; fileEncoding = 4; lastKnownFileType = sourcecode.c.objc; path = EventsCell.m; sourceTree = "<group>"; };
		692208691B4B3C220045C279 /* BlogCell.h */ = {isa = PBXFileReference; fileEncoding = 4; lastKnownFileType = sourcecode.c.h; path = BlogCell.h; sourceTree = "<group>"; };
		6922086A1B4B3C220045C279 /* BlogCell.m */ = {isa = PBXFileReference; fileEncoding = 4; lastKnownFileType = sourcecode.c.objc; path = BlogCell.m; sourceTree = "<group>"; };
		6922086C1B4B3C300045C279 /* ArticleCell.h */ = {isa = PBXFileReference; fileEncoding = 4; lastKnownFileType = sourcecode.c.h; path = ArticleCell.h; sourceTree = "<group>"; };
		6922086D1B4B3C300045C279 /* ArticleCell.m */ = {isa = PBXFileReference; fileEncoding = 4; lastKnownFileType = sourcecode.c.objc; path = ArticleCell.m; sourceTree = "<group>"; };
		69D32E2C1BA7D8A1000CBFC3 /* RestrictionsTableViewController.h */ = {isa = PBXFileReference; fileEncoding = 4; lastKnownFileType = sourcecode.c.h; path = RestrictionsTableViewController.h; sourceTree = "<group>"; };
		69D32E2D1BA7D8A1000CBFC3 /* RestrictionsTableViewController.m */ = {isa = PBXFileReference; fileEncoding = 4; lastKnownFileType = sourcecode.c.objc; path = RestrictionsTableViewController.m; sourceTree = "<group>"; };
		69E43DAE1B6565390003C244 /* ArticleFactory.h */ = {isa = PBXFileReference; fileEncoding = 4; lastKnownFileType = sourcecode.c.h; path = ArticleFactory.h; sourceTree = "<group>"; };
		69E43DAF1B6565390003C244 /* ArticleFactory.m */ = {isa = PBXFileReference; fileEncoding = 4; lastKnownFileType = sourcecode.c.objc; path = ArticleFactory.m; sourceTree = "<group>"; };
		A9CE473C1B7A686C003E852D /* Images.xcassets */ = {isa = PBXFileReference; lastKnownFileType = folder.assetcatalog; path = Images.xcassets; sourceTree = "<group>"; };
		B6379F2F1B1A60A2005C0ADA /* DataFetcher.h */ = {isa = PBXFileReference; fileEncoding = 4; lastKnownFileType = sourcecode.c.h; path = DataFetcher.h; sourceTree = "<group>"; };
		B6379F301B1A60A2005C0ADA /* DataFetcher.m */ = {isa = PBXFileReference; fileEncoding = 4; lastKnownFileType = sourcecode.c.objc; path = DataFetcher.m; sourceTree = "<group>"; };
		B6379F3C1B1D5A17005C0ADA /* ArticleDataModel.h */ = {isa = PBXFileReference; fileEncoding = 4; lastKnownFileType = sourcecode.c.h; path = ArticleDataModel.h; sourceTree = "<group>"; };
		B6379F3D1B1D5A17005C0ADA /* ArticleDataModel.m */ = {isa = PBXFileReference; fileEncoding = 4; lastKnownFileType = sourcecode.c.objc; path = ArticleDataModel.m; sourceTree = "<group>"; };
		B6379F3F1B1D5A2D005C0ADA /* BlogDataModel.h */ = {isa = PBXFileReference; fileEncoding = 4; lastKnownFileType = sourcecode.c.h; path = BlogDataModel.h; sourceTree = "<group>"; };
		B6379F401B1D5A2D005C0ADA /* BlogDataModel.m */ = {isa = PBXFileReference; fileEncoding = 4; lastKnownFileType = sourcecode.c.objc; path = BlogDataModel.m; sourceTree = "<group>"; };
		B6379F421B1D5A41005C0ADA /* EventDataModel.h */ = {isa = PBXFileReference; fileEncoding = 4; lastKnownFileType = sourcecode.c.h; path = EventDataModel.h; sourceTree = "<group>"; };
		B6379F431B1D5A41005C0ADA /* EventDataModel.m */ = {isa = PBXFileReference; fileEncoding = 4; lastKnownFileType = sourcecode.c.objc; path = EventDataModel.m; sourceTree = "<group>"; };
		B6379F451B1D5A56005C0ADA /* PlacesDataModel.h */ = {isa = PBXFileReference; fileEncoding = 4; lastKnownFileType = sourcecode.c.h; path = PlacesDataModel.h; sourceTree = "<group>"; };
		B6379F461B1D5A57005C0ADA /* PlacesDataModel.m */ = {isa = PBXFileReference; fileEncoding = 4; lastKnownFileType = sourcecode.c.objc; path = PlacesDataModel.m; sourceTree = "<group>"; };
		B6379F481B1D5A68005C0ADA /* VideoDataModel.h */ = {isa = PBXFileReference; fileEncoding = 4; lastKnownFileType = sourcecode.c.h; path = VideoDataModel.h; sourceTree = "<group>"; };
		B6379F491B1D5A68005C0ADA /* VideoDataModel.m */ = {isa = PBXFileReference; fileEncoding = 4; lastKnownFileType = sourcecode.c.objc; path = VideoDataModel.m; sourceTree = "<group>"; };
		B6589A5A1B33A57B00B3754F /* TCWalkthroughViewController.h */ = {isa = PBXFileReference; fileEncoding = 4; lastKnownFileType = sourcecode.c.h; path = TCWalkthroughViewController.h; sourceTree = "<group>"; };
		B6589A5B1B33A57B00B3754F /* TCWalkthroughViewController.m */ = {isa = PBXFileReference; fileEncoding = 4; lastKnownFileType = sourcecode.c.objc; path = TCWalkthroughViewController.m; sourceTree = "<group>"; };
		B6589A5E1B33B45800B3754F /* SystemStatics.h */ = {isa = PBXFileReference; fileEncoding = 4; lastKnownFileType = sourcecode.c.h; path = SystemStatics.h; sourceTree = "<group>"; };
		B6589A5F1B33B45800B3754F /* SystemStatics.m */ = {isa = PBXFileReference; fileEncoding = 4; lastKnownFileType = sourcecode.c.objc; path = SystemStatics.m; sourceTree = "<group>"; };
		B67759851B36055A00A253F7 /* SettingsViewController.h */ = {isa = PBXFileReference; fileEncoding = 4; lastKnownFileType = sourcecode.c.h; path = SettingsViewController.h; sourceTree = "<group>"; };
		B67759861B36055A00A253F7 /* SettingsViewController.m */ = {isa = PBXFileReference; fileEncoding = 4; lastKnownFileType = sourcecode.c.objc; path = SettingsViewController.m; sourceTree = "<group>"; };
		B6A6384E1B350AF9005C3D7A /* SignOnViewController.h */ = {isa = PBXFileReference; fileEncoding = 4; lastKnownFileType = sourcecode.c.h; path = SignOnViewController.h; sourceTree = "<group>"; };
		B6A6384F1B350AF9005C3D7A /* SignOnViewController.m */ = {isa = PBXFileReference; fileEncoding = 4; lastKnownFileType = sourcecode.c.objc; path = SignOnViewController.m; sourceTree = "<group>"; };
		B6CFCF2B1B35059A004BCF74 /* SourceSansPro-ExtraLight.ttf */ = {isa = PBXFileReference; lastKnownFileType = file; path = "SourceSansPro-ExtraLight.ttf"; sourceTree = "<group>"; };
		B6CFCF2C1B35059A004BCF74 /* SourceSansPro-Light.ttf */ = {isa = PBXFileReference; lastKnownFileType = file; path = "SourceSansPro-Light.ttf"; sourceTree = "<group>"; };
		B6CFCF2D1B35059A004BCF74 /* SourceSansPro-Regular.ttf */ = {isa = PBXFileReference; lastKnownFileType = file; path = "SourceSansPro-Regular.ttf"; sourceTree = "<group>"; };
		B6CFCF2E1B35059A004BCF74 /* SourceSansPro-Semibold.ttf */ = {isa = PBXFileReference; lastKnownFileType = file; path = "SourceSansPro-Semibold.ttf"; sourceTree = "<group>"; };
		CA5E2E311B3206FC004A9AE0 /* ArticleSectionViewController.h */ = {isa = PBXFileReference; fileEncoding = 4; lastKnownFileType = sourcecode.c.h; path = ArticleSectionViewController.h; sourceTree = "<group>"; };
		CA5E2E321B3206FC004A9AE0 /* ArticleSectionViewController.m */ = {isa = PBXFileReference; fileEncoding = 4; lastKnownFileType = sourcecode.c.objc; path = ArticleSectionViewController.m; sourceTree = "<group>"; };
		CA5E2E341B3207A2004A9AE0 /* BlogSectionViewController.h */ = {isa = PBXFileReference; fileEncoding = 4; lastKnownFileType = sourcecode.c.h; path = BlogSectionViewController.h; sourceTree = "<group>"; };
		CA5E2E351B3207A2004A9AE0 /* BlogSectionViewController.m */ = {isa = PBXFileReference; fileEncoding = 4; lastKnownFileType = sourcecode.c.objc; path = BlogSectionViewController.m; sourceTree = "<group>"; };
		CA5E2E371B320868004A9AE0 /* VideoSectionViewController.h */ = {isa = PBXFileReference; fileEncoding = 4; lastKnownFileType = sourcecode.c.h; path = VideoSectionViewController.h; sourceTree = "<group>"; };
		CA5E2E381B320868004A9AE0 /* VideoSectionViewController.m */ = {isa = PBXFileReference; fileEncoding = 4; lastKnownFileType = sourcecode.c.objc; path = VideoSectionViewController.m; sourceTree = "<group>"; };
		CA5E2E3E1B320995004A9AE0 /* EventsSectionViewController.h */ = {isa = PBXFileReference; fileEncoding = 4; lastKnownFileType = sourcecode.c.h; path = EventsSectionViewController.h; sourceTree = "<group>"; };
		CA5E2E3F1B320995004A9AE0 /* EventsSectionViewController.m */ = {isa = PBXFileReference; fileEncoding = 4; lastKnownFileType = sourcecode.c.objc; path = EventsSectionViewController.m; sourceTree = "<group>"; };
		CA5E2E411B3209D3004A9AE0 /* PlacesSectionViewController.h */ = {isa = PBXFileReference; fileEncoding = 4; lastKnownFileType = sourcecode.c.h; path = PlacesSectionViewController.h; sourceTree = "<group>"; };
		CA5E2E421B3209D3004A9AE0 /* PlacesSectionViewController.m */ = {isa = PBXFileReference; fileEncoding = 4; lastKnownFileType = sourcecode.c.objc; path = PlacesSectionViewController.m; sourceTree = "<group>"; };
		CA63351F1AFAAB29009DC83A /* config.plist */ = {isa = PBXFileReference; fileEncoding = 4; lastKnownFileType = text.plist.xml; path = config.plist; sourceTree = "<group>"; };
		CA6335211AFAAC9D009DC83A /* ConfigManager.h */ = {isa = PBXFileReference; fileEncoding = 4; lastKnownFileType = sourcecode.c.h; path = ConfigManager.h; sourceTree = "<group>"; };
		CA6335221AFAAC9D009DC83A /* ConfigManager.m */ = {isa = PBXFileReference; fileEncoding = 4; lastKnownFileType = sourcecode.c.objc; path = ConfigManager.m; sourceTree = "<group>"; };
		CAD585441AF26A5100F77ED7 /* projectMustang-ios.app */ = {isa = PBXFileReference; explicitFileType = wrapper.application; includeInIndex = 0; path = "projectMustang-ios.app"; sourceTree = BUILT_PRODUCTS_DIR; };
		CAD585481AF26A5100F77ED7 /* Info.plist */ = {isa = PBXFileReference; lastKnownFileType = text.plist.xml; path = Info.plist; sourceTree = "<group>"; };
		CAD585491AF26A5100F77ED7 /* main.m */ = {isa = PBXFileReference; lastKnownFileType = sourcecode.c.objc; path = main.m; sourceTree = "<group>"; };
		CAD5854F1AF26A5100F77ED7 /* projectMustang_ios.xcdatamodel */ = {isa = PBXFileReference; lastKnownFileType = wrapper.xcdatamodel; path = projectMustang_ios.xcdatamodel; sourceTree = "<group>"; };
		CAD585551AF26A5100F77ED7 /* Base */ = {isa = PBXFileReference; lastKnownFileType = file.storyboard; name = Base; path = Base.lproj/Main.storyboard; sourceTree = "<group>"; };
		CAD5855A1AF26A5100F77ED7 /* Base */ = {isa = PBXFileReference; lastKnownFileType = file.xib; name = Base; path = Base.lproj/LaunchScreen.xib; sourceTree = "<group>"; };
		CAD585601AF26A5100F77ED7 /* projectMustang-iosTests.xctest */ = {isa = PBXFileReference; explicitFileType = wrapper.cfbundle; includeInIndex = 0; path = "projectMustang-iosTests.xctest"; sourceTree = BUILT_PRODUCTS_DIR; };
		CAD585651AF26A5100F77ED7 /* Info.plist */ = {isa = PBXFileReference; lastKnownFileType = text.plist.xml; path = Info.plist; sourceTree = "<group>"; };
		CAD585661AF26A5100F77ED7 /* projectMustang_iosTests.m */ = {isa = PBXFileReference; lastKnownFileType = sourcecode.c.objc; path = projectMustang_iosTests.m; sourceTree = "<group>"; };
		CAD585741AF26C7400F77ED7 /* AppDelegate.h */ = {isa = PBXFileReference; fileEncoding = 4; lastKnownFileType = sourcecode.c.h; name = AppDelegate.h; path = Presentation/AppDelegate.h; sourceTree = "<group>"; };
		CAD585751AF26C7400F77ED7 /* AppDelegate.m */ = {isa = PBXFileReference; fileEncoding = 4; lastKnownFileType = sourcecode.c.objc; name = AppDelegate.m; path = Presentation/AppDelegate.m; sourceTree = "<group>"; };
		CAD585771AF26C7400F77ED7 /* MainViewController.h */ = {isa = PBXFileReference; fileEncoding = 4; lastKnownFileType = sourcecode.c.h; path = MainViewController.h; sourceTree = "<group>"; };
		CAD585781AF26C7400F77ED7 /* MainViewController.m */ = {isa = PBXFileReference; fileEncoding = 4; lastKnownFileType = sourcecode.c.objc; path = MainViewController.m; sourceTree = "<group>"; };
		CAD5857E1AF26F9400F77ED7 /* NavigationManager.h */ = {isa = PBXFileReference; fileEncoding = 4; lastKnownFileType = sourcecode.c.h; path = NavigationManager.h; sourceTree = "<group>"; };
		CAD5857F1AF26F9400F77ED7 /* NavigationManager.m */ = {isa = PBXFileReference; fileEncoding = 4; lastKnownFileType = sourcecode.c.objc; path = NavigationManager.m; sourceTree = "<group>"; };
		CAD585821AF2715900F77ED7 /* MainMenuViewController.h */ = {isa = PBXFileReference; fileEncoding = 4; lastKnownFileType = sourcecode.c.h; path = MainMenuViewController.h; sourceTree = "<group>"; };
		CAD585831AF2715900F77ED7 /* MainMenuViewController.m */ = {isa = PBXFileReference; fileEncoding = 4; lastKnownFileType = sourcecode.c.objc; path = MainMenuViewController.m; sourceTree = "<group>"; };
		CAD585851AF27C2000F77ED7 /* TCNavigationStatics.h */ = {isa = PBXFileReference; fileEncoding = 4; lastKnownFileType = sourcecode.c.h; name = TCNavigationStatics.h; path = "projectMustang-ios/Core/Statics and Utilities/TCNavigationStatics.h"; sourceTree = SOURCE_ROOT; };
		CAD585911AF2AC6A00F77ED7 /* BaseViewController.h */ = {isa = PBXFileReference; fileEncoding = 4; lastKnownFileType = sourcecode.c.h; path = BaseViewController.h; sourceTree = "<group>"; };
		CAD585921AF2AC6A00F77ED7 /* BaseViewController.m */ = {isa = PBXFileReference; fileEncoding = 4; lastKnownFileType = sourcecode.c.objc; path = BaseViewController.m; sourceTree = "<group>"; };
		D2F91D294DF9F5DAC8DA3998 /* libPods.a */ = {isa = PBXFileReference; explicitFileType = archive.ar; includeInIndex = 0; path = libPods.a; sourceTree = BUILT_PRODUCTS_DIR; };
		E79FF135A583509834B12298 /* Pods.debug.xcconfig */ = {isa = PBXFileReference; includeInIndex = 1; lastKnownFileType = text.xcconfig; name = Pods.debug.xcconfig; path = "Pods/Target Support Files/Pods/Pods.debug.xcconfig"; sourceTree = "<group>"; };
		EB523F081B890F3E00F3C727 /* ArticlesDetailViewController.m */ = {isa = PBXFileReference; fileEncoding = 4; lastKnownFileType = sourcecode.c.objc; path = ArticlesDetailViewController.m; sourceTree = "<group>"; };
		EB523F141B8D5EB200F3C727 /* DataFetcherStatics.h */ = {isa = PBXFileReference; lastKnownFileType = sourcecode.c.h; path = DataFetcherStatics.h; sourceTree = "<group>"; };
		EB523F151B8D5ECD00F3C727 /* DataFetcherStatics.m */ = {isa = PBXFileReference; fileEncoding = 4; lastKnownFileType = sourcecode.c.objc; path = DataFetcherStatics.m; sourceTree = "<group>"; };
		EB58E7311B993A580010CDE9 /* BlogFactory.h */ = {isa = PBXFileReference; fileEncoding = 4; lastKnownFileType = sourcecode.c.h; path = BlogFactory.h; sourceTree = "<group>"; };
		EB58E7321B993A580010CDE9 /* BlogFactory.m */ = {isa = PBXFileReference; fileEncoding = 4; lastKnownFileType = sourcecode.c.objc; path = BlogFactory.m; sourceTree = "<group>"; };
		EB58E7341B993A780010CDE9 /* EventsFactory.h */ = {isa = PBXFileReference; fileEncoding = 4; lastKnownFileType = sourcecode.c.h; path = EventsFactory.h; sourceTree = "<group>"; };
		EB58E7351B993A780010CDE9 /* EventsFactory.m */ = {isa = PBXFileReference; fileEncoding = 4; lastKnownFileType = sourcecode.c.objc; path = EventsFactory.m; sourceTree = "<group>"; };
		EB58E7371B993A870010CDE9 /* PlacesFactory.h */ = {isa = PBXFileReference; fileEncoding = 4; lastKnownFileType = sourcecode.c.h; path = PlacesFactory.h; sourceTree = "<group>"; };
		EB58E7381B993A870010CDE9 /* PlacesFactory.m */ = {isa = PBXFileReference; fileEncoding = 4; lastKnownFileType = sourcecode.c.objc; path = PlacesFactory.m; sourceTree = "<group>"; };
		EB58E73A1B993A930010CDE9 /* VideoFactory.h */ = {isa = PBXFileReference; fileEncoding = 4; lastKnownFileType = sourcecode.c.h; path = VideoFactory.h; sourceTree = "<group>"; };
		EB58E73B1B993A930010CDE9 /* VideoFactory.m */ = {isa = PBXFileReference; fileEncoding = 4; lastKnownFileType = sourcecode.c.objc; path = VideoFactory.m; sourceTree = "<group>"; };
/* End PBXFileReference section */

/* Begin PBXFrameworksBuildPhase section */
		CAD585411AF26A5100F77ED7 /* Frameworks */ = {
			isa = PBXFrameworksBuildPhase;
			buildActionMask = 2147483647;
			files = (
				77E3FFED587D2B94B2B73130 /* libPods.a in Frameworks */,
			);
			runOnlyForDeploymentPostprocessing = 0;
		};
		CAD5855D1AF26A5100F77ED7 /* Frameworks */ = {
			isa = PBXFrameworksBuildPhase;
			buildActionMask = 2147483647;
			files = (
			);
			runOnlyForDeploymentPostprocessing = 0;
		};
/* End PBXFrameworksBuildPhase section */

/* Begin PBXGroup section */
		B6379F361B1D59FF005C0ADA /* Models */ = {
			isa = PBXGroup;
			children = (
				B6379F371B1D59FF005C0ADA /* Article */,
				B6379F381B1D59FF005C0ADA /* Blog */,
				B6379F391B1D59FF005C0ADA /* Events */,
				B6379F3A1B1D59FF005C0ADA /* Places */,
				B6379F3B1B1D59FF005C0ADA /* Video */,
			);
			path = Models;
			sourceTree = "<group>";
		};
		B6379F371B1D59FF005C0ADA /* Article */ = {
			isa = PBXGroup;
			children = (
				69E43DAE1B6565390003C244 /* ArticleFactory.h */,
				69E43DAF1B6565390003C244 /* ArticleFactory.m */,
				B6379F3C1B1D5A17005C0ADA /* ArticleDataModel.h */,
				B6379F3D1B1D5A17005C0ADA /* ArticleDataModel.m */,
			);
			path = Article;
			sourceTree = "<group>";
		};
		B6379F381B1D59FF005C0ADA /* Blog */ = {
			isa = PBXGroup;
			children = (
				B6379F3F1B1D5A2D005C0ADA /* BlogDataModel.h */,
				B6379F401B1D5A2D005C0ADA /* BlogDataModel.m */,
				EB58E7311B993A580010CDE9 /* BlogFactory.h */,
				EB58E7321B993A580010CDE9 /* BlogFactory.m */,
			);
			path = Blog;
			sourceTree = "<group>";
		};
		B6379F391B1D59FF005C0ADA /* Events */ = {
			isa = PBXGroup;
			children = (
				B6379F421B1D5A41005C0ADA /* EventDataModel.h */,
				B6379F431B1D5A41005C0ADA /* EventDataModel.m */,
				EB58E7341B993A780010CDE9 /* EventsFactory.h */,
				EB58E7351B993A780010CDE9 /* EventsFactory.m */,
			);
			path = Events;
			sourceTree = "<group>";
		};
		B6379F3A1B1D59FF005C0ADA /* Places */ = {
			isa = PBXGroup;
			children = (
				B6379F451B1D5A56005C0ADA /* PlacesDataModel.h */,
				B6379F461B1D5A57005C0ADA /* PlacesDataModel.m */,
				EB58E7371B993A870010CDE9 /* PlacesFactory.h */,
				EB58E7381B993A870010CDE9 /* PlacesFactory.m */,
			);
			path = Places;
			sourceTree = "<group>";
		};
		B6379F3B1B1D59FF005C0ADA /* Video */ = {
			isa = PBXGroup;
			children = (
				B6379F481B1D5A68005C0ADA /* VideoDataModel.h */,
				B6379F491B1D5A68005C0ADA /* VideoDataModel.m */,
				EB58E73A1B993A930010CDE9 /* VideoFactory.h */,
				EB58E73B1B993A930010CDE9 /* VideoFactory.m */,
			);
			path = Video;
			sourceTree = "<group>";
		};
		B6589A591B33A51900B3754F /* Onboarding */ = {
			isa = PBXGroup;
			children = (
				B6589A5A1B33A57B00B3754F /* TCWalkthroughViewController.h */,
				B6589A5B1B33A57B00B3754F /* TCWalkthroughViewController.m */,
				B6A6384E1B350AF9005C3D7A /* SignOnViewController.h */,
				B6A6384F1B350AF9005C3D7A /* SignOnViewController.m */,
			);
			path = Onboarding;
			sourceTree = "<group>";
		};
		B67759841B36053300A253F7 /* Settings */ = {
			isa = PBXGroup;
			children = (
				B67759851B36055A00A253F7 /* SettingsViewController.h */,
				B67759861B36055A00A253F7 /* SettingsViewController.m */,
			);
			path = Settings;
			sourceTree = "<group>";
		};
		B6CFCF2A1B35059A004BCF74 /* Fonts */ = {
			isa = PBXGroup;
			children = (
				B6CFCF2B1B35059A004BCF74 /* SourceSansPro-ExtraLight.ttf */,
				B6CFCF2C1B35059A004BCF74 /* SourceSansPro-Light.ttf */,
				B6CFCF2D1B35059A004BCF74 /* SourceSansPro-Regular.ttf */,
				B6CFCF2E1B35059A004BCF74 /* SourceSansPro-Semibold.ttf */,
			);
			path = Fonts;
			sourceTree = "<group>";
		};
		CA5E2E2C1B320322004A9AE0 /* Articles */ = {
			isa = PBXGroup;
			children = (
				CA5E2E311B3206FC004A9AE0 /* ArticleSectionViewController.h */,
				CA5E2E321B3206FC004A9AE0 /* ArticleSectionViewController.m */,
				6922086C1B4B3C300045C279 /* ArticleCell.h */,
				6922086D1B4B3C300045C279 /* ArticleCell.m */,
				692200101B5ABF79009B2B8A /* ArticlesDetailViewController.h */,
				EB523F081B890F3E00F3C727 /* ArticlesDetailViewController.m */,
			);
			path = Articles;
			sourceTree = "<group>";
		};
		CA5E2E2D1B320322004A9AE0 /* Blogs */ = {
			isa = PBXGroup;
			children = (
				CA5E2E341B3207A2004A9AE0 /* BlogSectionViewController.h */,
				CA5E2E351B3207A2004A9AE0 /* BlogSectionViewController.m */,
				692208691B4B3C220045C279 /* BlogCell.h */,
				6922086A1B4B3C220045C279 /* BlogCell.m */,
				692200131B5ABFA1009B2B8A /* BlogsDetailViewController.h */,
				692200141B5ABFA1009B2B8A /* BlogsDetailViewController.m */,
			);
			path = Blogs;
			sourceTree = "<group>";
		};
		CA5E2E2F1B320322004A9AE0 /* Places */ = {
			isa = PBXGroup;
			children = (
				CA5E2E411B3209D3004A9AE0 /* PlacesSectionViewController.h */,
				CA5E2E421B3209D3004A9AE0 /* PlacesSectionViewController.m */,
				692208631B4B27400045C279 /* PlacesCell.h */,
				692208641B4B27400045C279 /* PlacesCell.m */,
				692200191B5ABFC8009B2B8A /* PlacesDetailViewController.h */,
				6922001A1B5ABFC8009B2B8A /* PlacesDetailViewController.m */,
			);
			path = Places;
			sourceTree = "<group>";
		};
		CA5E2E301B320322004A9AE0 /* Videos */ = {
			isa = PBXGroup;
			children = (
				CA5E2E371B320868004A9AE0 /* VideoSectionViewController.h */,
				CA5E2E381B320868004A9AE0 /* VideoSectionViewController.m */,
			);
			path = Videos;
			sourceTree = "<group>";
		};
		CA5E2E3D1B32097C004A9AE0 /* Events */ = {
			isa = PBXGroup;
			children = (
				CA5E2E3E1B320995004A9AE0 /* EventsSectionViewController.h */,
				692208661B4B3C0C0045C279 /* EventsCell.h */,
				CA5E2E3F1B320995004A9AE0 /* EventsSectionViewController.m */,
				692200161B5ABFB1009B2B8A /* EventsDetailViewController.h */,
				692208671B4B3C0C0045C279 /* EventsCell.m */,
				692200171B5ABFB1009B2B8A /* EventsDetailViewController.m */,
				69D32E2C1BA7D8A1000CBFC3 /* RestrictionsTableViewController.h */,
				69D32E2D1BA7D8A1000CBFC3 /* RestrictionsTableViewController.m */,
			);
			path = Events;
			sourceTree = "<group>";
		};
		CA63351E1AFAAB08009DC83A /* Resources */ = {
			isa = PBXGroup;
			children = (
				B6CFCF2A1B35059A004BCF74 /* Fonts */,
				CA63351F1AFAAB29009DC83A /* config.plist */,
			);
			path = Resources;
			sourceTree = "<group>";
		};
		CAD5853B1AF26A5100F77ED7 = {
			isa = PBXGroup;
			children = (
				CAD585461AF26A5100F77ED7 /* projectMustang-ios */,
				CAD585631AF26A5100F77ED7 /* projectMustang-iosTests */,
				CAD585451AF26A5100F77ED7 /* Products */,
				CDAEDFDEC791B2D5A2F07471 /* Pods */,
				F2F5EF8BC4181A8AB560686D /* Frameworks */,
			);
			sourceTree = "<group>";
		};
		CAD585451AF26A5100F77ED7 /* Products */ = {
			isa = PBXGroup;
			children = (
				CAD585441AF26A5100F77ED7 /* projectMustang-ios.app */,
				CAD585601AF26A5100F77ED7 /* projectMustang-iosTests.xctest */,
			);
			name = Products;
			sourceTree = "<group>";
		};
		CAD585461AF26A5100F77ED7 /* projectMustang-ios */ = {
			isa = PBXGroup;
			children = (
				CAD585701AF26C7400F77ED7 /* Core */,
				CAD585541AF26A5100F77ED7 /* Main.storyboard */,
				A9CE473C1B7A686C003E852D /* Images.xcassets */,
				CAD585591AF26A5100F77ED7 /* LaunchScreen.xib */,
				CAD5854E1AF26A5100F77ED7 /* projectMustang_ios.xcdatamodeld */,
				CAD585471AF26A5100F77ED7 /* Supporting Files */,
			);
			path = "projectMustang-ios";
			sourceTree = "<group>";
		};
		CAD585471AF26A5100F77ED7 /* Supporting Files */ = {
			isa = PBXGroup;
			children = (
				CAD585481AF26A5100F77ED7 /* Info.plist */,
				CAD585491AF26A5100F77ED7 /* main.m */,
			);
			name = "Supporting Files";
			sourceTree = "<group>";
		};
		CAD585631AF26A5100F77ED7 /* projectMustang-iosTests */ = {
			isa = PBXGroup;
			children = (
				CAD585661AF26A5100F77ED7 /* projectMustang_iosTests.m */,
				CAD585641AF26A5100F77ED7 /* Supporting Files */,
			);
			path = "projectMustang-iosTests";
			sourceTree = "<group>";
		};
		CAD585641AF26A5100F77ED7 /* Supporting Files */ = {
			isa = PBXGroup;
			children = (
				CAD585651AF26A5100F77ED7 /* Info.plist */,
			);
			name = "Supporting Files";
			sourceTree = "<group>";
		};
		CAD585701AF26C7400F77ED7 /* Core */ = {
			isa = PBXGroup;
			children = (
				CAD585741AF26C7400F77ED7 /* AppDelegate.h */,
				CAD585751AF26C7400F77ED7 /* AppDelegate.m */,
				CAD585711AF26C7400F77ED7 /* Data */,
				CAD585721AF26C7400F77ED7 /* Logic */,
				CAD585731AF26C7400F77ED7 /* Presentation */,
				CAD585791AF26C7400F77ED7 /* Statics and Utilities */,
				CA63351E1AFAAB08009DC83A /* Resources */,
			);
			path = Core;
			sourceTree = "<group>";
		};
		CAD585711AF26C7400F77ED7 /* Data */ = {
			isa = PBXGroup;
			children = (
				B6379F361B1D59FF005C0ADA /* Models */,
				CA6335211AFAAC9D009DC83A /* ConfigManager.h */,
				CA6335221AFAAC9D009DC83A /* ConfigManager.m */,
				B6379F2F1B1A60A2005C0ADA /* DataFetcher.h */,
				B6379F301B1A60A2005C0ADA /* DataFetcher.m */,
			);
			path = Data;
			sourceTree = "<group>";
		};
		CAD585721AF26C7400F77ED7 /* Logic */ = {
			isa = PBXGroup;
			children = (
				CAD5857D1AF26F7E00F77ED7 /* Navigation */,
			);
			path = Logic;
			sourceTree = "<group>";
		};
		CAD585731AF26C7400F77ED7 /* Presentation */ = {
			isa = PBXGroup;
			children = (
				B6589A591B33A51900B3754F /* Onboarding */,
				CAD585901AF2AC5000F77ED7 /* Base */,
				CAD585761AF26C7400F77ED7 /* Main */,
				CAD585811AF2710100F77ED7 /* Navigation */,
				CA5E2E2C1B320322004A9AE0 /* Articles */,
				CA5E2E2D1B320322004A9AE0 /* Blogs */,
				CA5E2E301B320322004A9AE0 /* Videos */,
				CA5E2E3D1B32097C004A9AE0 /* Events */,
				CA5E2E2F1B320322004A9AE0 /* Places */,
				B67759841B36053300A253F7 /* Settings */,
			);
			path = Presentation;
			sourceTree = "<group>";
		};
		CAD585761AF26C7400F77ED7 /* Main */ = {
			isa = PBXGroup;
			children = (
				CAD585771AF26C7400F77ED7 /* MainViewController.h */,
				CAD585781AF26C7400F77ED7 /* MainViewController.m */,
			);
			path = Main;
			sourceTree = "<group>";
		};
		CAD585791AF26C7400F77ED7 /* Statics and Utilities */ = {
			isa = PBXGroup;
			children = (
				CAD585851AF27C2000F77ED7 /* TCNavigationStatics.h */,
				B6589A5E1B33B45800B3754F /* SystemStatics.h */,
				B6589A5F1B33B45800B3754F /* SystemStatics.m */,
				EB523F141B8D5EB200F3C727 /* DataFetcherStatics.h */,
				EB523F151B8D5ECD00F3C727 /* DataFetcherStatics.m */,
			);
			path = "Statics and Utilities";
			sourceTree = "<group>";
		};
		CAD5857D1AF26F7E00F77ED7 /* Navigation */ = {
			isa = PBXGroup;
			children = (
				CAD5857E1AF26F9400F77ED7 /* NavigationManager.h */,
				CAD5857F1AF26F9400F77ED7 /* NavigationManager.m */,
			);
			path = Navigation;
			sourceTree = "<group>";
		};
		CAD585811AF2710100F77ED7 /* Navigation */ = {
			isa = PBXGroup;
			children = (
				CAD585821AF2715900F77ED7 /* MainMenuViewController.h */,
				CAD585831AF2715900F77ED7 /* MainMenuViewController.m */,
			);
			path = Navigation;
			sourceTree = "<group>";
		};
		CAD585901AF2AC5000F77ED7 /* Base */ = {
			isa = PBXGroup;
			children = (
				CAD585911AF2AC6A00F77ED7 /* BaseViewController.h */,
				CAD585921AF2AC6A00F77ED7 /* BaseViewController.m */,
			);
			path = Base;
			sourceTree = "<group>";
		};
		CDAEDFDEC791B2D5A2F07471 /* Pods */ = {
			isa = PBXGroup;
			children = (
				E79FF135A583509834B12298 /* Pods.debug.xcconfig */,
				1075B1093CE1BFBDF7FD3D0F /* Pods.release.xcconfig */,
			);
			name = Pods;
			sourceTree = "<group>";
		};
		F2F5EF8BC4181A8AB560686D /* Frameworks */ = {
			isa = PBXGroup;
			children = (
				D2F91D294DF9F5DAC8DA3998 /* libPods.a */,
			);
			name = Frameworks;
			sourceTree = "<group>";
		};
/* End PBXGroup section */

/* Begin PBXNativeTarget section */
		CAD585431AF26A5100F77ED7 /* Kapacino */ = {
			isa = PBXNativeTarget;
			buildConfigurationList = CAD5856A1AF26A5100F77ED7 /* Build configuration list for PBXNativeTarget "Kapacino" */;
			buildPhases = (
				853A5633C24D2E8BEE651AC1 /* Check Pods Manifest.lock */,
				CAD585401AF26A5100F77ED7 /* Sources */,
				CAD585411AF26A5100F77ED7 /* Frameworks */,
				CAD585421AF26A5100F77ED7 /* Resources */,
				2E60DE937706C647B31CEDE5 /* Copy Pods Resources */,
			);
			buildRules = (
			);
			dependencies = (
			);
			name = Kapacino;
			productName = "projectMustang-ios";
			productReference = CAD585441AF26A5100F77ED7 /* projectMustang-ios.app */;
			productType = "com.apple.product-type.application";
		};
		CAD5855F1AF26A5100F77ED7 /* KapacinoTests */ = {
			isa = PBXNativeTarget;
			buildConfigurationList = CAD5856D1AF26A5100F77ED7 /* Build configuration list for PBXNativeTarget "KapacinoTests" */;
			buildPhases = (
				CAD5855C1AF26A5100F77ED7 /* Sources */,
				CAD5855D1AF26A5100F77ED7 /* Frameworks */,
				CAD5855E1AF26A5100F77ED7 /* Resources */,
			);
			buildRules = (
			);
			dependencies = (
				CAD585621AF26A5100F77ED7 /* PBXTargetDependency */,
			);
			name = KapacinoTests;
			productName = "projectMustang-iosTests";
			productReference = CAD585601AF26A5100F77ED7 /* projectMustang-iosTests.xctest */;
			productType = "com.apple.product-type.bundle.unit-test";
		};
/* End PBXNativeTarget section */

/* Begin PBXProject section */
		CAD5853C1AF26A5100F77ED7 /* Project object */ = {
			isa = PBXProject;
			attributes = {
				LastUpgradeCheck = 0620;
				ORGANIZATIONNAME = "Alan Hsu";
				TargetAttributes = {
					CAD585431AF26A5100F77ED7 = {
						CreatedOnToolsVersion = 6.2;
						DevelopmentTeam = Z6VJV3KRT7;
					};
					CAD5855F1AF26A5100F77ED7 = {
						CreatedOnToolsVersion = 6.2;
						TestTargetID = CAD585431AF26A5100F77ED7;
					};
				};
			};
			buildConfigurationList = CAD5853F1AF26A5100F77ED7 /* Build configuration list for PBXProject "projectMustang-ios" */;
			compatibilityVersion = "Xcode 3.2";
			developmentRegion = English;
			hasScannedForEncodings = 0;
			knownRegions = (
				en,
				Base,
			);
			mainGroup = CAD5853B1AF26A5100F77ED7;
			productRefGroup = CAD585451AF26A5100F77ED7 /* Products */;
			projectDirPath = "";
			projectRoot = "";
			targets = (
				CAD585431AF26A5100F77ED7 /* Kapacino */,
				CAD5855F1AF26A5100F77ED7 /* KapacinoTests */,
			);
		};
/* End PBXProject section */

/* Begin PBXResourcesBuildPhase section */
		CAD585421AF26A5100F77ED7 /* Resources */ = {
			isa = PBXResourcesBuildPhase;
			buildActionMask = 2147483647;
			files = (
				A9CE473D1B7A686C003E852D /* Images.xcassets in Resources */,
				B6CFCF2F1B35059A004BCF74 /* SourceSansPro-ExtraLight.ttf in Resources */,
				B6CFCF321B35059A004BCF74 /* SourceSansPro-Semibold.ttf in Resources */,
				CA6335201AFAAB29009DC83A /* config.plist in Resources */,
				CAD585561AF26A5100F77ED7 /* Main.storyboard in Resources */,
				B6CFCF311B35059A004BCF74 /* SourceSansPro-Regular.ttf in Resources */,
				B6CFCF301B35059A004BCF74 /* SourceSansPro-Light.ttf in Resources */,
				CAD5855B1AF26A5100F77ED7 /* LaunchScreen.xib in Resources */,
			);
			runOnlyForDeploymentPostprocessing = 0;
		};
		CAD5855E1AF26A5100F77ED7 /* Resources */ = {
			isa = PBXResourcesBuildPhase;
			buildActionMask = 2147483647;
			files = (
			);
			runOnlyForDeploymentPostprocessing = 0;
		};
/* End PBXResourcesBuildPhase section */

/* Begin PBXShellScriptBuildPhase section */
		2E60DE937706C647B31CEDE5 /* Copy Pods Resources */ = {
			isa = PBXShellScriptBuildPhase;
			buildActionMask = 2147483647;
			files = (
			);
			inputPaths = (
			);
			name = "Copy Pods Resources";
			outputPaths = (
			);
			runOnlyForDeploymentPostprocessing = 0;
			shellPath = /bin/sh;
			shellScript = "\"${SRCROOT}/Pods/Target Support Files/Pods/Pods-resources.sh\"\n";
			showEnvVarsInLog = 0;
		};
		853A5633C24D2E8BEE651AC1 /* Check Pods Manifest.lock */ = {
			isa = PBXShellScriptBuildPhase;
			buildActionMask = 2147483647;
			files = (
			);
			inputPaths = (
			);
			name = "Check Pods Manifest.lock";
			outputPaths = (
			);
			runOnlyForDeploymentPostprocessing = 0;
			shellPath = /bin/sh;
			shellScript = "diff \"${PODS_ROOT}/../Podfile.lock\" \"${PODS_ROOT}/Manifest.lock\" > /dev/null\nif [[ $? != 0 ]] ; then\n    cat << EOM\nerror: The sandbox is not in sync with the Podfile.lock. Run 'pod install' or update your CocoaPods installation.\nEOM\n    exit 1\nfi\n";
			showEnvVarsInLog = 0;
		};
/* End PBXShellScriptBuildPhase section */

/* Begin PBXSourcesBuildPhase section */
		CAD585401AF26A5100F77ED7 /* Sources */ = {
			isa = PBXSourcesBuildPhase;
			buildActionMask = 2147483647;
			files = (
				69E43DB01B6565390003C244 /* ArticleFactory.m in Sources */,
				B6379F311B1A60A2005C0ADA /* DataFetcher.m in Sources */,
				EB58E7391B993A870010CDE9 /* PlacesFactory.m in Sources */,
				EB523F091B890F3E00F3C727 /* ArticlesDetailViewController.m in Sources */,
				CAD5854A1AF26A5100F77ED7 /* main.m in Sources */,
				CA5E2E361B3207A2004A9AE0 /* BlogSectionViewController.m in Sources */,
				B6379F4A1B1D5A68005C0ADA /* VideoDataModel.m in Sources */,
				CAD585501AF26A5100F77ED7 /* projectMustang_ios.xcdatamodeld in Sources */,
				692200151B5ABFA1009B2B8A /* BlogsDetailViewController.m in Sources */,
				CA5E2E331B3206FC004A9AE0 /* ArticleSectionViewController.m in Sources */,
				CA5E2E431B3209D3004A9AE0 /* PlacesSectionViewController.m in Sources */,
				6922086B1B4B3C220045C279 /* BlogCell.m in Sources */,
				B6589A601B33B45800B3754F /* SystemStatics.m in Sources */,
				CAD585931AF2AC6A00F77ED7 /* BaseViewController.m in Sources */,
				692200181B5ABFB1009B2B8A /* EventsDetailViewController.m in Sources */,
				692208681B4B3C0C0045C279 /* EventsCell.m in Sources */,
				69D32E2E1BA7D8A1000CBFC3 /* RestrictionsTableViewController.m in Sources */,
				CA6335231AFAAC9D009DC83A /* ConfigManager.m in Sources */,
				EB523F161B8D5ECD00F3C727 /* DataFetcherStatics.m in Sources */,
				B6379F471B1D5A57005C0ADA /* PlacesDataModel.m in Sources */,
				B67759871B36055A00A253F7 /* SettingsViewController.m in Sources */,
				CAD5857A1AF26C7400F77ED7 /* AppDelegate.m in Sources */,
				CA5E2E391B320868004A9AE0 /* VideoSectionViewController.m in Sources */,
				B6379F411B1D5A2D005C0ADA /* BlogDataModel.m in Sources */,
				CAD585841AF2715900F77ED7 /* MainMenuViewController.m in Sources */,
				CAD585801AF26F9400F77ED7 /* NavigationManager.m in Sources */,
				EB58E7331B993A580010CDE9 /* BlogFactory.m in Sources */,
				6922001B1B5ABFC8009B2B8A /* PlacesDetailViewController.m in Sources */,
				B6379F441B1D5A41005C0ADA /* EventDataModel.m in Sources */,
				EB58E7361B993A780010CDE9 /* EventsFactory.m in Sources */,
				EB58E73C1B993A930010CDE9 /* VideoFactory.m in Sources */,
				CAD5857B1AF26C7400F77ED7 /* MainViewController.m in Sources */,
				B6A638501B350AF9005C3D7A /* SignOnViewController.m in Sources */,
				B6379F3E1B1D5A17005C0ADA /* ArticleDataModel.m in Sources */,
				6922086E1B4B3C300045C279 /* ArticleCell.m in Sources */,
				B6589A5C1B33A57B00B3754F /* TCWalkthroughViewController.m in Sources */,
				CA5E2E401B320995004A9AE0 /* EventsSectionViewController.m in Sources */,
				692208651B4B27400045C279 /* PlacesCell.m in Sources */,
			);
			runOnlyForDeploymentPostprocessing = 0;
		};
		CAD5855C1AF26A5100F77ED7 /* Sources */ = {
			isa = PBXSourcesBuildPhase;
			buildActionMask = 2147483647;
			files = (
				CAD585671AF26A5100F77ED7 /* projectMustang_iosTests.m in Sources */,
			);
			runOnlyForDeploymentPostprocessing = 0;
		};
/* End PBXSourcesBuildPhase section */

/* Begin PBXTargetDependency section */
		CAD585621AF26A5100F77ED7 /* PBXTargetDependency */ = {
			isa = PBXTargetDependency;
			target = CAD585431AF26A5100F77ED7 /* Kapacino */;
			targetProxy = CAD585611AF26A5100F77ED7 /* PBXContainerItemProxy */;
		};
/* End PBXTargetDependency section */

/* Begin PBXVariantGroup section */
		CAD585541AF26A5100F77ED7 /* Main.storyboard */ = {
			isa = PBXVariantGroup;
			children = (
				CAD585551AF26A5100F77ED7 /* Base */,
			);
			name = Main.storyboard;
			sourceTree = "<group>";
		};
		CAD585591AF26A5100F77ED7 /* LaunchScreen.xib */ = {
			isa = PBXVariantGroup;
			children = (
				CAD5855A1AF26A5100F77ED7 /* Base */,
			);
			name = LaunchScreen.xib;
			sourceTree = "<group>";
		};
/* End PBXVariantGroup section */

/* Begin XCBuildConfiguration section */
		CAD585681AF26A5100F77ED7 /* Debug */ = {
			isa = XCBuildConfiguration;
			buildSettings = {
				ALWAYS_SEARCH_USER_PATHS = NO;
				CLANG_CXX_LANGUAGE_STANDARD = "gnu++0x";
				CLANG_CXX_LIBRARY = "libc++";
				CLANG_ENABLE_MODULES = YES;
				CLANG_ENABLE_OBJC_ARC = YES;
				CLANG_WARN_BOOL_CONVERSION = YES;
				CLANG_WARN_CONSTANT_CONVERSION = YES;
				CLANG_WARN_DIRECT_OBJC_ISA_USAGE = YES_ERROR;
				CLANG_WARN_EMPTY_BODY = YES;
				CLANG_WARN_ENUM_CONVERSION = YES;
				CLANG_WARN_INT_CONVERSION = YES;
				CLANG_WARN_OBJC_ROOT_CLASS = YES_ERROR;
				CLANG_WARN_UNREACHABLE_CODE = YES;
				CLANG_WARN__DUPLICATE_METHOD_MATCH = YES;
				"CODE_SIGN_IDENTITY[sdk=iphoneos*]" = "iPhone Developer";
				COPY_PHASE_STRIP = NO;
				ENABLE_STRICT_OBJC_MSGSEND = YES;
				GCC_C_LANGUAGE_STANDARD = gnu99;
				GCC_DYNAMIC_NO_PIC = NO;
				GCC_OPTIMIZATION_LEVEL = 0;
				GCC_PREPROCESSOR_DEFINITIONS = (
					"DEBUG=1",
					"$(inherited)",
				);
				GCC_SYMBOLS_PRIVATE_EXTERN = NO;
				GCC_WARN_64_TO_32_BIT_CONVERSION = YES;
				GCC_WARN_ABOUT_RETURN_TYPE = YES_ERROR;
				GCC_WARN_UNDECLARED_SELECTOR = YES;
				GCC_WARN_UNINITIALIZED_AUTOS = YES_AGGRESSIVE;
				GCC_WARN_UNUSED_FUNCTION = YES;
				GCC_WARN_UNUSED_VARIABLE = YES;
				IPHONEOS_DEPLOYMENT_TARGET = 8.2;
				MTL_ENABLE_DEBUG_INFO = YES;
				ONLY_ACTIVE_ARCH = YES;
				SDKROOT = iphoneos;
			};
			name = Debug;
		};
		CAD585691AF26A5100F77ED7 /* Release */ = {
			isa = XCBuildConfiguration;
			buildSettings = {
				ALWAYS_SEARCH_USER_PATHS = NO;
				CLANG_CXX_LANGUAGE_STANDARD = "gnu++0x";
				CLANG_CXX_LIBRARY = "libc++";
				CLANG_ENABLE_MODULES = YES;
				CLANG_ENABLE_OBJC_ARC = YES;
				CLANG_WARN_BOOL_CONVERSION = YES;
				CLANG_WARN_CONSTANT_CONVERSION = YES;
				CLANG_WARN_DIRECT_OBJC_ISA_USAGE = YES_ERROR;
				CLANG_WARN_EMPTY_BODY = YES;
				CLANG_WARN_ENUM_CONVERSION = YES;
				CLANG_WARN_INT_CONVERSION = YES;
				CLANG_WARN_OBJC_ROOT_CLASS = YES_ERROR;
				CLANG_WARN_UNREACHABLE_CODE = YES;
				CLANG_WARN__DUPLICATE_METHOD_MATCH = YES;
				"CODE_SIGN_IDENTITY[sdk=iphoneos*]" = "iPhone Developer";
				COPY_PHASE_STRIP = NO;
				ENABLE_NS_ASSERTIONS = NO;
				ENABLE_STRICT_OBJC_MSGSEND = YES;
				GCC_C_LANGUAGE_STANDARD = gnu99;
				GCC_WARN_64_TO_32_BIT_CONVERSION = YES;
				GCC_WARN_ABOUT_RETURN_TYPE = YES_ERROR;
				GCC_WARN_UNDECLARED_SELECTOR = YES;
				GCC_WARN_UNINITIALIZED_AUTOS = YES_AGGRESSIVE;
				GCC_WARN_UNUSED_FUNCTION = YES;
				GCC_WARN_UNUSED_VARIABLE = YES;
				IPHONEOS_DEPLOYMENT_TARGET = 8.2;
				MTL_ENABLE_DEBUG_INFO = NO;
				SDKROOT = iphoneos;
				VALIDATE_PRODUCT = YES;
			};
			name = Release;
		};
		CAD5856B1AF26A5100F77ED7 /* Debug */ = {
			isa = XCBuildConfiguration;
			baseConfigurationReference = E79FF135A583509834B12298 /* Pods.debug.xcconfig */;
			buildSettings = {
				ASSETCATALOG_COMPILER_APPICON_NAME = AppIcon;
				ASSETCATALOG_COMPILER_LAUNCHIMAGE_NAME = LaunchImage;
				CODE_SIGN_IDENTITY = "iPhone Developer";
				"CODE_SIGN_IDENTITY[sdk=iphoneos*]" = "iPhone Developer";
				INFOPLIST_FILE = "projectMustang-ios/Info.plist";
				IPHONEOS_DEPLOYMENT_TARGET = 8.1;
				LD_RUNPATH_SEARCH_PATHS = "$(inherited) @executable_path/Frameworks";
				PRODUCT_NAME = "$(TARGET_NAME)";
				PROVISIONING_PROFILE = "";
			};
			name = Debug;
		};
		CAD5856C1AF26A5100F77ED7 /* Release */ = {
			isa = XCBuildConfiguration;
			baseConfigurationReference = 1075B1093CE1BFBDF7FD3D0F /* Pods.release.xcconfig */;
			buildSettings = {
				ASSETCATALOG_COMPILER_APPICON_NAME = AppIcon;
				ASSETCATALOG_COMPILER_LAUNCHIMAGE_NAME = LaunchImage;
				CODE_SIGN_IDENTITY = "iPhone Developer";
				"CODE_SIGN_IDENTITY[sdk=iphoneos*]" = "iPhone Developer";
				INFOPLIST_FILE = "projectMustang-ios/Info.plist";
				IPHONEOS_DEPLOYMENT_TARGET = 8.1;
				LD_RUNPATH_SEARCH_PATHS = "$(inherited) @executable_path/Frameworks";
				PRODUCT_NAME = "$(TARGET_NAME)";
				PROVISIONING_PROFILE = "";
			};
			name = Release;
		};
		CAD5856E1AF26A5100F77ED7 /* Debug */ = {
			isa = XCBuildConfiguration;
			buildSettings = {
				BUNDLE_LOADER = "$(TEST_HOST)";
				FRAMEWORK_SEARCH_PATHS = (
					"$(SDKROOT)/Developer/Library/Frameworks",
					"$(inherited)",
				);
				GCC_PREPROCESSOR_DEFINITIONS = (
					"DEBUG=1",
					"$(inherited)",
				);
				INFOPLIST_FILE = "projectMustang-iosTests/Info.plist";
				IPHONEOS_DEPLOYMENT_TARGET = 8.1;
				LD_RUNPATH_SEARCH_PATHS = "$(inherited) @executable_path/Frameworks @loader_path/Frameworks";
				PRODUCT_NAME = "$(TARGET_NAME)";
				TEST_HOST = "$(BUILT_PRODUCTS_DIR)/projectMustang-ios.app/projectMustang-ios";
			};
			name = Debug;
		};
		CAD5856F1AF26A5100F77ED7 /* Release */ = {
			isa = XCBuildConfiguration;
			buildSettings = {
				BUNDLE_LOADER = "$(TEST_HOST)";
				FRAMEWORK_SEARCH_PATHS = (
					"$(SDKROOT)/Developer/Library/Frameworks",
					"$(inherited)",
				);
				INFOPLIST_FILE = "projectMustang-iosTests/Info.plist";
				IPHONEOS_DEPLOYMENT_TARGET = 8.1;
				LD_RUNPATH_SEARCH_PATHS = "$(inherited) @executable_path/Frameworks @loader_path/Frameworks";
				PRODUCT_NAME = "$(TARGET_NAME)";
				TEST_HOST = "$(BUILT_PRODUCTS_DIR)/projectMustang-ios.app/projectMustang-ios";
			};
			name = Release;
		};
/* End XCBuildConfiguration section */

/* Begin XCConfigurationList section */
		CAD5853F1AF26A5100F77ED7 /* Build configuration list for PBXProject "projectMustang-ios" */ = {
			isa = XCConfigurationList;
			buildConfigurations = (
				CAD585681AF26A5100F77ED7 /* Debug */,
				CAD585691AF26A5100F77ED7 /* Release */,
			);
			defaultConfigurationIsVisible = 0;
			defaultConfigurationName = Release;
		};
		CAD5856A1AF26A5100F77ED7 /* Build configuration list for PBXNativeTarget "Kapacino" */ = {
			isa = XCConfigurationList;
			buildConfigurations = (
				CAD5856B1AF26A5100F77ED7 /* Debug */,
				CAD5856C1AF26A5100F77ED7 /* Release */,
			);
			defaultConfigurationIsVisible = 0;
			defaultConfigurationName = Release;
		};
		CAD5856D1AF26A5100F77ED7 /* Build configuration list for PBXNativeTarget "KapacinoTests" */ = {
			isa = XCConfigurationList;
			buildConfigurations = (
				CAD5856E1AF26A5100F77ED7 /* Debug */,
				CAD5856F1AF26A5100F77ED7 /* Release */,
			);
			defaultConfigurationIsVisible = 0;
			defaultConfigurationName = Release;
		};
/* End XCConfigurationList section */

/* Begin XCVersionGroup section */
		CAD5854E1AF26A5100F77ED7 /* projectMustang_ios.xcdatamodeld */ = {
			isa = XCVersionGroup;
			children = (
				CAD5854F1AF26A5100F77ED7 /* projectMustang_ios.xcdatamodel */,
			);
			currentVersion = CAD5854F1AF26A5100F77ED7 /* projectMustang_ios.xcdatamodel */;
			path = projectMustang_ios.xcdatamodeld;
			sourceTree = "<group>";
			versionGroupType = wrapper.xcdatamodel;
		};
/* End XCVersionGroup section */
	};
	rootObject = CAD5853C1AF26A5100F77ED7 /* Project object */;
}
